<?xml version="1.0" encoding="utf-8"?>
<Project ToolsVersion="4.0" xmlns="http://schemas.microsoft.com/developer/msbuild/2003">
  <ItemGroup>
    <Filter Include="Source Files">
      <UniqueIdentifier>{4FC737F1-C7A5-4376-A066-2A32D752A2FF}</UniqueIdentifier>
      <Extensions>cpp;c;cc;cxx;def;odl;idl;hpj;bat;asm;asmx</Extensions>
    </Filter>
    <Filter Include="Header Files">
      <UniqueIdentifier>{93995380-89BD-4b04-88EB-625FBE52EBFB}</UniqueIdentifier>
      <Extensions>h;hh;hpp;hxx;hm;inl;inc;xsd</Extensions>
    </Filter>
    <Filter Include="Resource Files">
      <UniqueIdentifier>{67DA6AB6-F800-4c08-8B7A-83BB121AAD01}</UniqueIdentifier>
      <Extensions>rc;ico;cur;bmp;dlg;rc2;rct;bin;rgs;gif;jpg;jpeg;jpe;resx;tiff;tif;png;wav;mfcribbon-ms</Extensions>
    </Filter>
    <Filter Include="Dependencies">
      <UniqueIdentifier>{81524a92-93e6-4d87-a046-24f97018f657}</UniqueIdentifier>
    </Filter>
    <Filter Include="Dependencies\Header Files">
      <UniqueIdentifier>{4269f89f-3a66-4168-97ce-c71d7be8dc6e}</UniqueIdentifier>
    </Filter>
    <Filter Include="Dependencies\Source Files">
      <UniqueIdentifier>{3afbcb9a-f535-4d05-bdca-1769577bca76}</UniqueIdentifier>
    </Filter>
    <Filter Include="Resource Files\Shaders">
      <UniqueIdentifier>{dd7cb5dc-97f4-434b-bc5c-df4878eaeedf}</UniqueIdentifier>
    </Filter>
    <Filter Include="Resource Files\Scenes">
      <UniqueIdentifier>{09f34a63-af8f-41e0-9dff-323a18fb0a43}</UniqueIdentifier>
    </Filter>
    <Filter Include="Resource Files\Shaders\UI">
      <UniqueIdentifier>{3fff548d-7126-4e6a-991d-6c1556b62f02}</UniqueIdentifier>
    </Filter>
    <Filter Include="Resource Files\Shaders\Scene">
      <UniqueIdentifier>{29ac3a65-89d1-4f84-a12b-53a6ac41fb56}</UniqueIdentifier>
    </Filter>
    <Filter Include="Source Files\Scene">
      <UniqueIdentifier>{22bba5aa-2120-4d57-a86e-50ee596d7418}</UniqueIdentifier>
    </Filter>
    <Filter Include="Source Files\Model">
      <UniqueIdentifier>{6fbc7597-880c-4744-bfad-7f1133064778}</UniqueIdentifier>
    </Filter>
    <Filter Include="Header Files\System">
      <UniqueIdentifier>{6d1e315f-1333-4019-a743-27996b88ab7f}</UniqueIdentifier>
    </Filter>
    <Filter Include="Header Files\Model">
      <UniqueIdentifier>{d8b3bce4-07b2-4e5b-80b2-9f57de77fc02}</UniqueIdentifier>
    </Filter>
    <Filter Include="Header Files\Scene">
      <UniqueIdentifier>{be02cf33-198d-4ada-b8ca-a7ad710995b6}</UniqueIdentifier>
    </Filter>
    <Filter Include="Source Files\System">
      <UniqueIdentifier>{67273f8d-e34c-4dc1-b08e-483ab16cead6}</UniqueIdentifier>
    </Filter>
    <Filter Include="Source Files\Scene\UI">
      <UniqueIdentifier>{3b424c0b-ede9-4133-8a77-865fa0749082}</UniqueIdentifier>
    </Filter>
    <Filter Include="Header Files\Scene\UI">
      <UniqueIdentifier>{f5af0001-281c-4158-911e-072dcba9d0e7}</UniqueIdentifier>
    </Filter>
  </ItemGroup>
  <ItemGroup>
    <ClCompile Include="src\Bitmap.cpp">
      <Filter>Dependencies\Source Files</Filter>
    </ClCompile>
    <ClCompile Include="src\gl_core_4_3.cpp">
      <Filter>Dependencies\Source Files</Filter>
    </ClCompile>
    <ClCompile Include="src\Texture.cpp">
      <Filter>Dependencies\Source Files</Filter>
    </ClCompile>
    <ClCompile Include="libraries\tinyxml\tinyxml2.cpp">
      <Filter>Dependencies\Source Files</Filter>
    </ClCompile>
    <ClCompile Include="src\glslprogram.cpp">
      <Filter>Dependencies\Source Files</Filter>
    </ClCompile>
    <ClCompile Include="src\World.cpp">
      <Filter>Source Files\Scene</Filter>
    </ClCompile>
    <ClCompile Include="src\SceneReader.cpp">
      <Filter>Source Files\Scene</Filter>
    </ClCompile>
    <ClCompile Include="src\ModelReader.cpp">
      <Filter>Source Files\Model</Filter>
    </ClCompile>
    <ClCompile Include="src\Model.cpp">
      <Filter>Source Files\Model</Filter>
    </ClCompile>
    <ClCompile Include="src\Camera.cpp">
      <Filter>Source Files\Scene</Filter>
    </ClCompile>
    <ClCompile Include="src\main.cpp">
      <Filter>Source Files\System</Filter>
    </ClCompile>
    <ClCompile Include="src\Button.cpp">
      <Filter>Source Files\Scene\UI</Filter>
    </ClCompile>
    <ClCompile Include="src\Editor.cpp">
      <Filter>Source Files\Scene</Filter>
    </ClCompile>
    <ClCompile Include="src\Menu.cpp">
      <Filter>Source Files\Scene\UI</Filter>
    </ClCompile>
    <ClCompile Include="src\Freetype.cpp">
      <Filter>Source Files\Scene\UI</Filter>
    </ClCompile>
    <ClCompile Include="src\Freetype.cpp">
      <Filter>Source Files\Scene\UI</Filter>
    </ClCompile>
    <ClCompile Include="src\TextBox.cpp">
      <Filter>Source Files\Scene\UI</Filter>
    </ClCompile>
  </ItemGroup>
  <ItemGroup>
    <ClInclude Include="include\Bitmap.h">
      <Filter>Dependencies\Header Files</Filter>
    </ClInclude>
    <ClInclude Include="include\gl_core_4_3.hpp">
      <Filter>Dependencies\Header Files</Filter>
    </ClInclude>
    <ClInclude Include="include\stb_image.h">
      <Filter>Dependencies\Header Files</Filter>
    </ClInclude>
    <ClInclude Include="include\Texture.h">
      <Filter>Dependencies\Header Files</Filter>
    </ClInclude>
    <ClInclude Include="libraries\tinyxml\tinyxml2.h">
      <Filter>Dependencies\Header Files</Filter>
    </ClInclude>
    <ClInclude Include="include\glslprogram.h">
      <Filter>Dependencies\Header Files</Filter>
    </ClInclude>
    <ClInclude Include="include\Camera.h">
      <Filter>Header Files\Scene</Filter>
    </ClInclude>
    <ClInclude Include="include\Model.h">
      <Filter>Header Files\Model</Filter>
    </ClInclude>
    <ClInclude Include="include\ModelReader.h">
      <Filter>Header Files\Model</Filter>
    </ClInclude>
    <ClInclude Include="include\Scene.h">
      <Filter>Header Files\Scene</Filter>
    </ClInclude>
    <ClInclude Include="include\SceneReader.h">
      <Filter>Header Files\Scene</Filter>
    </ClInclude>
    <ClInclude Include="include\World.h">
      <Filter>Header Files\Scene</Filter>
    </ClInclude>
    <ClInclude Include="include\PreHeader.h">
      <Filter>Header Files\System</Filter>
    </ClInclude>
    <ClInclude Include="include\Button.h">
      <Filter>Header Files\Scene\UI</Filter>
    </ClInclude>
    <ClInclude Include="include\Editor.h">
      <Filter>Header Files\Scene</Filter>
    </ClInclude>
    <ClInclude Include="include\Utilities.h">
      <Filter>Header Files\System</Filter>
    </ClInclude>
    <ClInclude Include="include\Menu.h">
      <Filter>Header Files\Scene\UI</Filter>
    </ClInclude>
    <ClInclude Include="include\Freetype.h">
      <Filter>Header Files\Scene\UI</Filter>
    </ClInclude>
    <ClInclude Include="include\Freetype.h">
      <Filter>Header Files\Scene\UI</Filter>
    </ClInclude>
    <ClInclude Include="include\TextBox.h">
      <Filter>Header Files\Scene\UI</Filter>
    </ClInclude>
  </ItemGroup>
  <ItemGroup>
    <None Include="shaders\freetype.frag">
      <Filter>Resource Files\Shaders\UI</Filter>
    </None>
    <None Include="shaders\freetype.vert">
      <Filter>Resource Files\Shaders\UI</Filter>
    </None>
    <None Include="shaders\image.vert">
      <Filter>Resource Files\Shaders\UI</Filter>
    </None>
    <None Include="shaders\image.frag">
      <Filter>Resource Files\Shaders\UI</Filter>
    </None>
    <None Include="shaders\phong.fs">
      <Filter>Resource Files\Shaders\Scene</Filter>
    </None>
    <None Include="shaders\phong.vs">
      <Filter>Resource Files\Shaders\Scene</Filter>
    </None>
    <None Include="shaders\spotlight.fs">
      <Filter>Resource Files\Shaders\Scene</Filter>
    </None>
    <None Include="shaders\spotlight.vs">
      <Filter>Resource Files\Shaders\Scene</Filter>
    </None>
    <None Include="shaders\texture.fs">
      <Filter>Resource Files\Shaders\Scene</Filter>
    </None>
    <None Include="shaders\texture.vs">
      <Filter>Resource Files\Shaders\Scene</Filter>
    </None>
  </ItemGroup>
  <ItemGroup>
    <Xml Include="assets\scenes\scene.xml">
      <Filter>Resource Files\Scenes</Filter>
    </Xml>
  </ItemGroup>
</Project>