<?xml version="1.0" encoding="utf-8"?>
<Project ToolsVersion="4.0" xmlns="http://schemas.microsoft.com/developer/msbuild/2003">
  <ItemGroup>
    <Filter Include="Source Files">
      <UniqueIdentifier>{4FC737F1-C7A5-4376-A066-2A32D752A2FF}</UniqueIdentifier>
      <Extensions>cpp;c;cc;cxx;def;odl;idl;hpj;bat;asm;asmx</Extensions>
    </Filter>
    <Filter Include="Header Files">
      <UniqueIdentifier>{93995380-89BD-4b04-88EB-625FBE52EBFB}</UniqueIdentifier>
      <Extensions>h;hh;hpp;hxx;hm;inl;inc;xsd</Extensions>
    </Filter>
    <Filter Include="Resource Files">
      <UniqueIdentifier>{67DA6AB6-F800-4c08-8B7A-83BB121AAD01}</UniqueIdentifier>
      <Extensions>rc;ico;cur;bmp;dlg;rc2;rct;bin;rgs;gif;jpg;jpeg;jpe;resx;tiff;tif;png;wav;mfcribbon-ms</Extensions>
    </Filter>
    <Filter Include="Dependencies">
      <UniqueIdentifier>{81524a92-93e6-4d87-a046-24f97018f657}</UniqueIdentifier>
    </Filter>
    <Filter Include="Dependencies\Header Files">
      <UniqueIdentifier>{4269f89f-3a66-4168-97ce-c71d7be8dc6e}</UniqueIdentifier>
    </Filter>
    <Filter Include="Dependencies\Source Files">
      <UniqueIdentifier>{3afbcb9a-f535-4d05-bdca-1769577bca76}</UniqueIdentifier>
    </Filter>
  </ItemGroup>
  <ItemGroup>
    <ClCompile Include="src\main.cpp">
      <Filter>Source Files</Filter>
    </ClCompile>
    <ClCompile Include="src\Camera.cpp">
      <Filter>Source Files</Filter>
    </ClCompile>
    <ClCompile Include="src\Model.cpp">
      <Filter>Source Files</Filter>
    </ClCompile>
    <ClCompile Include="src\ModelReader.cpp">
      <Filter>Source Files</Filter>
    </ClCompile>
    <ClCompile Include="src\SceneReader.cpp">
      <Filter>Source Files</Filter>
    </ClCompile>
    <ClCompile Include="src\World.cpp">
      <Filter>Source Files</Filter>
    </ClCompile>
    <ClCompile Include="src\Bitmap.cpp">
      <Filter>Dependencies\Source Files</Filter>
    </ClCompile>
    <ClCompile Include="src\gl_core_4_3.cpp">
      <Filter>Dependencies\Source Files</Filter>
    </ClCompile>
    <ClCompile Include="src\Texture.cpp">
      <Filter>Dependencies\Source Files</Filter>
    </ClCompile>
    <ClCompile Include="libraries\tinyxml\tinyxml2.cpp">
      <Filter>Dependencies\Source Files</Filter>
    </ClCompile>
    <ClCompile Include="src\glslprogram.cpp">
      <Filter>Source Files</Filter>
    </ClCompile>
    <ClCompile Include="src\Freetype.cpp">
      <Filter>Source Files</Filter>
    </ClCompile>
    <ClCompile Include="src\Menu.cpp">
      <Filter>Source Files</Filter>
    </ClCompile>
    <ClCompile Include="src\Button.cpp">
      <Filter>Source Files</Filter>
    </ClCompile>
  </ItemGroup>
  <ItemGroup>
    <ClInclude Include="include\Camera.h">
      <Filter>Header Files</Filter>
    </ClInclude>
    <ClInclude Include="include\Model.h">
      <Filter>Header Files</Filter>
    </ClInclude>
    <ClInclude Include="include\ModelReader.h">
      <Filter>Header Files</Filter>
    </ClInclude>
    <ClInclude Include="include\SceneReader.h">
      <Filter>Header Files</Filter>
    </ClInclude>
    <ClInclude Include="include\World.h">
      <Filter>Header Files</Filter>
    </ClInclude>
    <ClInclude Include="include\PreHeader.h">
      <Filter>Header Files</Filter>
    </ClInclude>
    <ClInclude Include="include\Bitmap.h">
      <Filter>Dependencies\Header Files</Filter>
    </ClInclude>
    <ClInclude Include="include\gl_core_4_3.hpp">
      <Filter>Dependencies\Header Files</Filter>
    </ClInclude>
    <ClInclude Include="include\stb_image.h">
      <Filter>Dependencies\Header Files</Filter>
    </ClInclude>
    <ClInclude Include="include\Texture.h">
      <Filter>Dependencies\Header Files</Filter>
    </ClInclude>
    <ClInclude Include="libraries\tinyxml\tinyxml2.h">
      <Filter>Dependencies\Header Files</Filter>
    </ClInclude>
    <ClInclude Include="include\Scene.h">
      <Filter>Header Files</Filter>
    </ClInclude>
    <ClInclude Include="include\glslprogram.h">
      <Filter>Header Files</Filter>
    </ClInclude>
    <ClInclude Include="include\Freetype.h">
      <Filter>Header Files</Filter>
    </ClInclude>
    <ClInclude Include="include\Menu.h">
      <Filter>Header Files</Filter>
    </ClInclude>
    <ClInclude Include="include\Button.h">
      <Filter>Header Files</Filter>
    </ClInclude>
  </ItemGroup>
  <ItemGroup>
    <None Include="shaders\shader.frag">
      <Filter>Resource Files</Filter>
    </None>
    <None Include="shaders\shader.vert">
      <Filter>Resource Files</Filter>
    </None>
    <None Include="shaders\freetype.vert">
      <Filter>Resource Files</Filter>
    </None>
    <None Include="shaders\freetype.frag">
      <Filter>Resource Files</Filter>
    </None>
    <None Include="shaders\image.vert">
      <Filter>Resource Files</Filter>
    </None>
    <None Include="shaders\image.frag">
      <Filter>Resource Files</Filter>
    </None>
  </ItemGroup>
  <ItemGroup>
    <Xml Include="assets\scenes\scene.xml">
      <Filter>Resource Files</Filter>
    </Xml>
  </ItemGroup>
</Project>